
Microsoft Visual Studio Solution File, Format Version 12.00
# Visual Studio Version 17
VisualStudioVersion = 17.6.33829.357
MinimumVisualStudioVersion = 10.0.40219.1
Project("{9A19103F-16F7-4668-BE54-9A1E7A4F7556}") = "AtronOmatic_Evaluation", "AtronOmatic_Evaluation\AtronOmatic_Evaluation.csproj", "{E13C612F-3866-48CD-A86F-595D509F2F47}"
EndProject
Project("{9A19103F-16F7-4668-BE54-9A1E7A4F7556}") = "AtronOmatic_Evaluation.Core", "AtronOmatic_Evaluation.Core\AtronOmatic_Evaluation.Core.csproj", "{9778B87D-E3BF-40B7-BBE6-1918E3CFD358}"
EndProject
Global
	GlobalSection(SolutionConfigurationPlatforms) = preSolution
		Debug|Any CPU = Debug|Any CPU
		Debug|arm64 = Debug|arm64
		Debug|x64 = Debug|x64
		Debug|x86 = Debug|x86
		Release|Any CPU = Release|Any CPU
		Release|arm64 = Release|arm64
		Release|x64 = Release|x64
		Release|x86 = Release|x86
	EndGlobalSection
	GlobalSection(ProjectConfigurationPlatforms) = postSolution
		{E13C612F-3866-48CD-A86F-595D509F2F47}.Debug|Any CPU.ActiveCfg = Debug|x64
		{E13C612F-3866-48CD-A86F-595D509F2F47}.Debug|Any CPU.Build.0 = Debug|x64
		{E13C612F-3866-48CD-A86F-595D509F2F47}.Debug|Any CPU.Deploy.0 = Debug|x64
		{E13C612F-3866-48CD-A86F-595D509F2F47}.Debug|arm64.ActiveCfg = Debug|arm64
		{E13C612F-3866-48CD-A86F-595D509F2F47}.Debug|arm64.Build.0 = Debug|arm64
		{E13C612F-3866-48CD-A86F-595D509F2F47}.Debug|arm64.Deploy.0 = Debug|arm64
		{E13C612F-3866-48CD-A86F-595D509F2F47}.Debug|x64.ActiveCfg = Debug|x64
		{E13C612F-3866-48CD-A86F-595D509F2F47}.Debug|x64.Build.0 = Debug|x64
		{E13C612F-3866-48CD-A86F-595D509F2F47}.Debug|x64.Deploy.0 = Debug|x64
		{E13C612F-3866-48CD-A86F-595D509F2F47}.Debug|x86.ActiveCfg = Debug|x86
		{E13C612F-3866-48CD-A86F-595D509F2F47}.Debug|x86.Build.0 = Debug|x86
		{E13C612F-3866-48CD-A86F-595D509F2F47}.Debug|x86.Deploy.0 = Debug|x86
		{E13C612F-3866-48CD-A86F-595D509F2F47}.Release|Any CPU.ActiveCfg = Release|x64
		{E13C612F-3866-48CD-A86F-595D509F2F47}.Release|Any CPU.Build.0 = Release|x64
		{E13C612F-3866-48CD-A86F-595D509F2F47}.Release|Any CPU.Deploy.0 = Release|x64
		{E13C612F-3866-48CD-A86F-595D509F2F47}.Release|arm64.ActiveCfg = Release|arm64
		{E13C612F-3866-48CD-A86F-595D509F2F47}.Release|arm64.Build.0 = Release|arm64
		{E13C612F-3866-48CD-A86F-595D509F2F47}.Release|arm64.Deploy.0 = Release|arm64
		{E13C612F-3866-48CD-A86F-595D509F2F47}.Release|x64.ActiveCfg = Release|x64
		{E13C612F-3866-48CD-A86F-595D509F2F47}.Release|x64.Build.0 = Release|x64
		{E13C612F-3866-48CD-A86F-595D509F2F47}.Release|x64.Deploy.0 = Release|x64
		{E13C612F-3866-48CD-A86F-595D509F2F47}.Release|x86.ActiveCfg = Release|x86
		{E13C612F-3866-48CD-A86F-595D509F2F47}.Release|x86.Build.0 = Release|x86
		{E13C612F-3866-48CD-A86F-595D509F2F47}.Release|x86.Deploy.0 = Release|x86
		{9778B87D-E3BF-40B7-BBE6-1918E3CFD358}.Debug|Any CPU.ActiveCfg = Debug|Any CPU
		{9778B87D-E3BF-40B7-BBE6-1918E3CFD358}.Debug|Any CPU.Build.0 = Debug|Any CPU
		{9778B87D-E3BF-40B7-BBE6-1918E3CFD358}.Debug|arm64.ActiveCfg = Debug|arm64
		{9778B87D-E3BF-40B7-BBE6-1918E3CFD358}.Debug|arm64.Build.0 = Debug|arm64
		{9778B87D-E3BF-40B7-BBE6-1918E3CFD358}.Debug|x64.ActiveCfg = Debug|x64
		{9778B87D-E3BF-40B7-BBE6-1918E3CFD358}.Debug|x64.Build.0 = Debug|x64
		{9778B87D-E3BF-40B7-BBE6-1918E3CFD358}.Debug|x86.ActiveCfg = Debug|x86
		{9778B87D-E3BF-40B7-BBE6-1918E3CFD358}.Debug|x86.Build.0 = Debug|x86
		{9778B87D-E3BF-40B7-BBE6-1918E3CFD358}.Release|Any CPU.ActiveCfg = Release|Any CPU
		{9778B87D-E3BF-40B7-BBE6-1918E3CFD358}.Release|Any CPU.Build.0 = Release|Any CPU
		{9778B87D-E3BF-40B7-BBE6-1918E3CFD358}.Release|arm64.ActiveCfg = Release|arm64
		{9778B87D-E3BF-40B7-BBE6-1918E3CFD358}.Release|arm64.Build.0 = Release|arm64
		{9778B87D-E3BF-40B7-BBE6-1918E3CFD358}.Release|x64.ActiveCfg = Release|x64
		{9778B87D-E3BF-40B7-BBE6-1918E3CFD358}.Release|x64.Build.0 = Release|x64
		{9778B87D-E3BF-40B7-BBE6-1918E3CFD358}.Release|x86.ActiveCfg = Release|x86
		{9778B87D-E3BF-40B7-BBE6-1918E3CFD358}.Release|x86.Build.0 = Release|x86
	EndGlobalSection
	GlobalSection(SolutionProperties) = preSolution
		HideSolutionNode = FALSE
	EndGlobalSection
	GlobalSection(ExtensibilityGlobals) = postSolution
		SolutionGuid = {E30A8E77-A957-4CE7-810A-3A470A69E2A9}
	EndGlobalSection
EndGlobal
